
Microsoft Visual Studio Solution File, Format Version 12.00
# Visual Studio Version 16
VisualStudioVersion = 16.0.31702.278
MinimumVisualStudioVersion = 10.0.40219.1
Project("{FAE04EC0-301F-11D3-BF4B-00C04F79EFBC}") = "Selenium Automation", "Selenium Automation\Selenium Automation.csproj", "{BC99BE5C-753A-4B5E-AF2A-0A629BE51832}"
EndProject
Global
	GlobalSection(SolutionConfigurationPlatforms) = preSolution
		Debug|Any CPU = Debug|Any CPU
		Release|Any CPU = Release|Any CPU
	EndGlobalSection
	GlobalSection(ProjectConfigurationPlatforms) = postSolution
		{BC99BE5C-753A-4B5E-AF2A-0A629BE51832}.Debug|Any CPU.ActiveCfg = Debug|Any CPU
		{BC99BE5C-753A-4B5E-AF2A-0A629BE51832}.Debug|Any CPU.Build.0 = Debug|Any CPU
		{BC99BE5C-753A-4B5E-AF2A-0A629BE51832}.Release|Any CPU.ActiveCfg = Release|Any CPU
		{BC99BE5C-753A-4B5E-AF2A-0A629BE51832}.Release|Any CPU.Build.0 = Release|Any CPU
	EndGlobalSection
	GlobalSection(SolutionProperties) = preSolution
		HideSolutionNode = FALSE
	EndGlobalSection
	GlobalSection(ExtensibilityGlobals) = postSolution
		SolutionGuid = {5E67CDE0-E7FA-4FEE-853C-9D042B83DF80}
	EndGlobalSection
EndGlobal
